
Microsoft Visual Studio Solution File, Format Version 12.00
# Visual Studio Version 16
VisualStudioVersion = 16.0.31424.327
MinimumVisualStudioVersion = 10.0.40219.1
Project("{9A19103F-16F7-4668-BE54-9A1E7A4F7556}") = "MainSolution", "MainSolution\MainSolution.csproj", "{6E95725D-9675-48A1-A257-52B5A817793A}"
EndProject
Project("{9A19103F-16F7-4668-BE54-9A1E7A4F7556}") = "SolvedExerciseAboutEnum", "SolvedExercise\SolvedExerciseAboutEnum.csproj", "{AC43B393-6B33-443D-B55C-442F1DA71F42}"
EndProject
Project("{9A19103F-16F7-4668-BE54-9A1E7A4F7556}") = "UsingStringBuilder", "UsingStringBuilder\UsingStringBuilder.csproj", "{AC66EEDC-6ADB-4988-BEEB-A9592BE11F18}"
EndProject
Project("{9A19103F-16F7-4668-BE54-9A1E7A4F7556}") = "UsingInheritance", "UsingInheritance\UsingInheritance.csproj", "{A12182A4-0756-407F-B76C-68EC52E6D554}"
EndProject
Project("{9A19103F-16F7-4668-BE54-9A1E7A4F7556}") = "UsingUpcastingAndDowncasting", "UsingUpcastingAndDowncasting\UsingUpcastingAndDowncasting.csproj", "{021E444D-4AA4-4798-8C34-E55ED1DAD6DB}"
EndProject
Project("{FAE04EC0-301F-11D3-BF4B-00C04F79EFBC}") = "ResolvedExercise", "ResolvedExercise\ResolvedExercise.csproj", "{1F5914E9-6233-41CE-8536-5343EB11996A}"
EndProject
Global
	GlobalSection(SolutionConfigurationPlatforms) = preSolution
		Debug|Any CPU = Debug|Any CPU
		Release|Any CPU = Release|Any CPU
	EndGlobalSection
	GlobalSection(ProjectConfigurationPlatforms) = postSolution
		{6E95725D-9675-48A1-A257-52B5A817793A}.Debug|Any CPU.ActiveCfg = Debug|Any CPU
		{6E95725D-9675-48A1-A257-52B5A817793A}.Debug|Any CPU.Build.0 = Debug|Any CPU
		{6E95725D-9675-48A1-A257-52B5A817793A}.Release|Any CPU.ActiveCfg = Release|Any CPU
		{6E95725D-9675-48A1-A257-52B5A817793A}.Release|Any CPU.Build.0 = Release|Any CPU
		{AC43B393-6B33-443D-B55C-442F1DA71F42}.Debug|Any CPU.ActiveCfg = Debug|Any CPU
		{AC43B393-6B33-443D-B55C-442F1DA71F42}.Debug|Any CPU.Build.0 = Debug|Any CPU
		{AC43B393-6B33-443D-B55C-442F1DA71F42}.Release|Any CPU.ActiveCfg = Release|Any CPU
		{AC43B393-6B33-443D-B55C-442F1DA71F42}.Release|Any CPU.Build.0 = Release|Any CPU
		{AC66EEDC-6ADB-4988-BEEB-A9592BE11F18}.Debug|Any CPU.ActiveCfg = Debug|Any CPU
		{AC66EEDC-6ADB-4988-BEEB-A9592BE11F18}.Debug|Any CPU.Build.0 = Debug|Any CPU
		{AC66EEDC-6ADB-4988-BEEB-A9592BE11F18}.Release|Any CPU.ActiveCfg = Release|Any CPU
		{AC66EEDC-6ADB-4988-BEEB-A9592BE11F18}.Release|Any CPU.Build.0 = Release|Any CPU
		{A12182A4-0756-407F-B76C-68EC52E6D554}.Debug|Any CPU.ActiveCfg = Debug|Any CPU
		{A12182A4-0756-407F-B76C-68EC52E6D554}.Debug|Any CPU.Build.0 = Debug|Any CPU
		{A12182A4-0756-407F-B76C-68EC52E6D554}.Release|Any CPU.ActiveCfg = Release|Any CPU
		{A12182A4-0756-407F-B76C-68EC52E6D554}.Release|Any CPU.Build.0 = Release|Any CPU
		{021E444D-4AA4-4798-8C34-E55ED1DAD6DB}.Debug|Any CPU.ActiveCfg = Debug|Any CPU
		{021E444D-4AA4-4798-8C34-E55ED1DAD6DB}.Debug|Any CPU.Build.0 = Debug|Any CPU
		{021E444D-4AA4-4798-8C34-E55ED1DAD6DB}.Release|Any CPU.ActiveCfg = Release|Any CPU
		{021E444D-4AA4-4798-8C34-E55ED1DAD6DB}.Release|Any CPU.Build.0 = Release|Any CPU
		{1F5914E9-6233-41CE-8536-5343EB11996A}.Debug|Any CPU.ActiveCfg = Debug|Any CPU
		{1F5914E9-6233-41CE-8536-5343EB11996A}.Debug|Any CPU.Build.0 = Debug|Any CPU
		{1F5914E9-6233-41CE-8536-5343EB11996A}.Release|Any CPU.ActiveCfg = Release|Any CPU
		{1F5914E9-6233-41CE-8536-5343EB11996A}.Release|Any CPU.Build.0 = Release|Any CPU
	EndGlobalSection
	GlobalSection(SolutionProperties) = preSolution
		HideSolutionNode = FALSE
	EndGlobalSection
	GlobalSection(ExtensibilityGlobals) = postSolution
		SolutionGuid = {03172234-7F8A-42B8-87C7-C8729CFABD73}
	EndGlobalSection
EndGlobal
