
Microsoft Visual Studio Solution File, Format Version 12.00
# Visual Studio Version 16
VisualStudioVersion = 16.0.31424.327
MinimumVisualStudioVersion = 10.0.40219.1
Project("{9A19103F-16F7-4668-BE54-9A1E7A4F7556}") = "MainSolution", "MainSolution\MainSolution.csproj", "{6E95725D-9675-48A1-A257-52B5A817793A}"
EndProject
Project("{FAE04EC0-301F-11D3-BF4B-00C04F79EFBC}") = "SolvedExerciseAboutEnum", "SolvedExercise\SolvedExerciseAboutEnum.csproj", "{AC43B393-6B33-443D-B55C-442F1DA71F42}"
EndProject
Global
	GlobalSection(SolutionConfigurationPlatforms) = preSolution
		Debug|Any CPU = Debug|Any CPU
		Release|Any CPU = Release|Any CPU
	EndGlobalSection
	GlobalSection(ProjectConfigurationPlatforms) = postSolution
		{6E95725D-9675-48A1-A257-52B5A817793A}.Debug|Any CPU.ActiveCfg = Debug|Any CPU
		{6E95725D-9675-48A1-A257-52B5A817793A}.Debug|Any CPU.Build.0 = Debug|Any CPU
		{6E95725D-9675-48A1-A257-52B5A817793A}.Release|Any CPU.ActiveCfg = Release|Any CPU
		{6E95725D-9675-48A1-A257-52B5A817793A}.Release|Any CPU.Build.0 = Release|Any CPU
		{AC43B393-6B33-443D-B55C-442F1DA71F42}.Debug|Any CPU.ActiveCfg = Debug|Any CPU
		{AC43B393-6B33-443D-B55C-442F1DA71F42}.Debug|Any CPU.Build.0 = Debug|Any CPU
		{AC43B393-6B33-443D-B55C-442F1DA71F42}.Release|Any CPU.ActiveCfg = Release|Any CPU
		{AC43B393-6B33-443D-B55C-442F1DA71F42}.Release|Any CPU.Build.0 = Release|Any CPU
	EndGlobalSection
	GlobalSection(SolutionProperties) = preSolution
		HideSolutionNode = FALSE
	EndGlobalSection
	GlobalSection(ExtensibilityGlobals) = postSolution
		SolutionGuid = {03172234-7F8A-42B8-87C7-C8729CFABD73}
	EndGlobalSection
EndGlobal
