
Microsoft Visual Studio Solution File, Format Version 12.00
# Visual Studio Version 16
VisualStudioVersion = 16.0.31424.327
MinimumVisualStudioVersion = 10.0.40219.1
Project("{9A19103F-16F7-4668-BE54-9A1E7A4F7556}") = "MainSolution", "MainSolution\MainSolution.csproj", "{6E95725D-9675-48A1-A257-52B5A817793A}"
EndProject
Project("{9A19103F-16F7-4668-BE54-9A1E7A4F7556}") = "SolvedExerciseAboutEnum", "SolvedExercise\SolvedExerciseAboutEnum.csproj", "{AC43B393-6B33-443D-B55C-442F1DA71F42}"
EndProject
Project("{9A19103F-16F7-4668-BE54-9A1E7A4F7556}") = "UsingStringBuilder", "UsingStringBuilder\UsingStringBuilder.csproj", "{AC66EEDC-6ADB-4988-BEEB-A9592BE11F18}"
EndProject
Project("{9A19103F-16F7-4668-BE54-9A1E7A4F7556}") = "UsingInheritance", "UsingInheritance\UsingInheritance.csproj", "{A12182A4-0756-407F-B76C-68EC52E6D554}"
EndProject
Project("{9A19103F-16F7-4668-BE54-9A1E7A4F7556}") = "UsingUpcastingAndDowncasting", "UsingUpcastingAndDowncasting\UsingUpcastingAndDowncasting.csproj", "{021E444D-4AA4-4798-8C34-E55ED1DAD6DB}"
EndProject
Project("{9A19103F-16F7-4668-BE54-9A1E7A4F7556}") = "ResolvedExercise", "ResolvedExercise\ResolvedExercise.csproj", "{1F5914E9-6233-41CE-8536-5343EB11996A}"
EndProject
Project("{9A19103F-16F7-4668-BE54-9A1E7A4F7556}") = "ProposedExercise00", "ProposedExercise00\ProposedExercise00.csproj", "{B64FCF2D-F224-467C-B38C-B5F0CE5B3017}"
EndProject
Project("{9A19103F-16F7-4668-BE54-9A1E7A4F7556}") = "ProposedExercise01", "ProposedExercise01\ProposedExercise01.csproj", "{BD89E328-703A-4A0A-A320-6E4A45A12FD7}"
EndProject
Project("{9A19103F-16F7-4668-BE54-9A1E7A4F7556}") = "UsingTryCatch", "UsingTryCatch\UsingTryCatch.csproj", "{5B952B4D-37E8-462E-9F82-53892813AE86}"
EndProject
Project("{9A19103F-16F7-4668-BE54-9A1E7A4F7556}") = "UsingFile", "UsingFile\UsingFile.csproj", "{82178D7A-F70A-408C-84CC-AD64433DFE39}"
EndProject
Project("{9A19103F-16F7-4668-BE54-9A1E7A4F7556}") = "UsingFIleStreamAndStreamReader", "UsingFIleStreamAndStreamReader\UsingFIleStreamAndStreamReader.csproj", "{B9DD088D-874E-43FF-BE8F-E301E3110AA9}"
EndProject
Project("{9A19103F-16F7-4668-BE54-9A1E7A4F7556}") = "UsingInterfaces", "UsingInterfaces\UsingInterfaces.csproj", "{B43AF031-DD51-4770-BCDD-54536474E88F}"
EndProject
Project("{9A19103F-16F7-4668-BE54-9A1E7A4F7556}") = "UsingInterface2", "UsingInterface2\UsingInterface2.csproj", "{0CA07E9D-AC05-45A6-92A2-377649B8AAFD}"
EndProject
Project("{9A19103F-16F7-4668-BE54-9A1E7A4F7556}") = "UsingIComparable", "UsingIComparable\UsingIComparable.csproj", "{45406B2C-5034-4AD2-87E5-353C14796020}"
EndProject
Project("{9A19103F-16F7-4668-BE54-9A1E7A4F7556}") = "UsingGenerics", "UsingGenerics\UsingGenerics.csproj", "{A0089545-5B21-4EE2-B7BE-03F96E79EF0B}"
EndProject
Project("{9A19103F-16F7-4668-BE54-9A1E7A4F7556}") = "UsingGenericRestrictions", "UsingGenericRestrictions\UsingGenericRestrictions.csproj", "{77E210B3-A462-49DC-8A50-8C253B244557}"
EndProject
Project("{9A19103F-16F7-4668-BE54-9A1E7A4F7556}") = "UsingHashCode", "UsingHashCode\UsingHashCode.csproj", "{D47FEA64-75A4-411D-A822-46CC98C1911C}"
EndProject
Project("{9A19103F-16F7-4668-BE54-9A1E7A4F7556}") = "UsingHashAndSortedSet", "UsingHashAndSortedSet\UsingHashAndSortedSet.csproj", "{5383C0EF-7E10-4FA5-8170-2F3BB5E4ADC5}"
EndProject
Project("{9A19103F-16F7-4668-BE54-9A1E7A4F7556}") = "UsingMoreExamplesForHash", "UsingMoreExamplesForHash\UsingMoreExamplesForHash.csproj", "{648B4A57-08C8-4FC2-952A-7B1FA5BA5B3E}"
EndProject
Project("{9A19103F-16F7-4668-BE54-9A1E7A4F7556}") = "ProposedExercise02", "ProposedExercise02\ProposedExercise02.csproj", "{8393532A-279D-4C78-9564-1699D596A0B6}"
EndProject
Project("{9A19103F-16F7-4668-BE54-9A1E7A4F7556}") = "UsingDictionary", "UsingDictionary\UsingDictionary.csproj", "{CE5A2A36-5B62-4230-B106-FB6BB8655A03}"
EndProject
Project("{9A19103F-16F7-4668-BE54-9A1E7A4F7556}") = "UsingExtensionMethods", "UsingExtensionMethods\UsingExtensionMethods.csproj", "{4C7A2D1F-69E6-4A22-936B-DD4FFCB9F12F}"
EndProject
Project("{9A19103F-16F7-4668-BE54-9A1E7A4F7556}") = "UsingComparison", "UsingComparison\UsingComparison.csproj", "{513BC75F-7A35-43EA-B6E9-D48ACD4E6207}"
EndProject
Project("{9A19103F-16F7-4668-BE54-9A1E7A4F7556}") = "UsingFunctionalParadigm", "UsingFunctionalParadigm\UsingFunctionalParadigm.csproj", "{B76888AB-CBB2-40B0-9B14-3AB3D4EECD64}"
EndProject
Project("{FAE04EC0-301F-11D3-BF4B-00C04F79EFBC}") = "IntroductionDelegates", "IntroductionDelegates\IntroductionDelegates.csproj", "{1C9027C1-F59C-407E-A6AD-0972254D0783}"
EndProject
Global
	GlobalSection(SolutionConfigurationPlatforms) = preSolution
		Debug|Any CPU = Debug|Any CPU
		Release|Any CPU = Release|Any CPU
	EndGlobalSection
	GlobalSection(ProjectConfigurationPlatforms) = postSolution
		{6E95725D-9675-48A1-A257-52B5A817793A}.Debug|Any CPU.ActiveCfg = Debug|Any CPU
		{6E95725D-9675-48A1-A257-52B5A817793A}.Debug|Any CPU.Build.0 = Debug|Any CPU
		{6E95725D-9675-48A1-A257-52B5A817793A}.Release|Any CPU.ActiveCfg = Release|Any CPU
		{6E95725D-9675-48A1-A257-52B5A817793A}.Release|Any CPU.Build.0 = Release|Any CPU
		{AC43B393-6B33-443D-B55C-442F1DA71F42}.Debug|Any CPU.ActiveCfg = Debug|Any CPU
		{AC43B393-6B33-443D-B55C-442F1DA71F42}.Debug|Any CPU.Build.0 = Debug|Any CPU
		{AC43B393-6B33-443D-B55C-442F1DA71F42}.Release|Any CPU.ActiveCfg = Release|Any CPU
		{AC43B393-6B33-443D-B55C-442F1DA71F42}.Release|Any CPU.Build.0 = Release|Any CPU
		{AC66EEDC-6ADB-4988-BEEB-A9592BE11F18}.Debug|Any CPU.ActiveCfg = Debug|Any CPU
		{AC66EEDC-6ADB-4988-BEEB-A9592BE11F18}.Debug|Any CPU.Build.0 = Debug|Any CPU
		{AC66EEDC-6ADB-4988-BEEB-A9592BE11F18}.Release|Any CPU.ActiveCfg = Release|Any CPU
		{AC66EEDC-6ADB-4988-BEEB-A9592BE11F18}.Release|Any CPU.Build.0 = Release|Any CPU
		{A12182A4-0756-407F-B76C-68EC52E6D554}.Debug|Any CPU.ActiveCfg = Debug|Any CPU
		{A12182A4-0756-407F-B76C-68EC52E6D554}.Debug|Any CPU.Build.0 = Debug|Any CPU
		{A12182A4-0756-407F-B76C-68EC52E6D554}.Release|Any CPU.ActiveCfg = Release|Any CPU
		{A12182A4-0756-407F-B76C-68EC52E6D554}.Release|Any CPU.Build.0 = Release|Any CPU
		{021E444D-4AA4-4798-8C34-E55ED1DAD6DB}.Debug|Any CPU.ActiveCfg = Debug|Any CPU
		{021E444D-4AA4-4798-8C34-E55ED1DAD6DB}.Debug|Any CPU.Build.0 = Debug|Any CPU
		{021E444D-4AA4-4798-8C34-E55ED1DAD6DB}.Release|Any CPU.ActiveCfg = Release|Any CPU
		{021E444D-4AA4-4798-8C34-E55ED1DAD6DB}.Release|Any CPU.Build.0 = Release|Any CPU
		{1F5914E9-6233-41CE-8536-5343EB11996A}.Debug|Any CPU.ActiveCfg = Debug|Any CPU
		{1F5914E9-6233-41CE-8536-5343EB11996A}.Debug|Any CPU.Build.0 = Debug|Any CPU
		{1F5914E9-6233-41CE-8536-5343EB11996A}.Release|Any CPU.ActiveCfg = Release|Any CPU
		{1F5914E9-6233-41CE-8536-5343EB11996A}.Release|Any CPU.Build.0 = Release|Any CPU
		{B64FCF2D-F224-467C-B38C-B5F0CE5B3017}.Debug|Any CPU.ActiveCfg = Debug|Any CPU
		{B64FCF2D-F224-467C-B38C-B5F0CE5B3017}.Debug|Any CPU.Build.0 = Debug|Any CPU
		{B64FCF2D-F224-467C-B38C-B5F0CE5B3017}.Release|Any CPU.ActiveCfg = Release|Any CPU
		{B64FCF2D-F224-467C-B38C-B5F0CE5B3017}.Release|Any CPU.Build.0 = Release|Any CPU
		{BD89E328-703A-4A0A-A320-6E4A45A12FD7}.Debug|Any CPU.ActiveCfg = Debug|Any CPU
		{BD89E328-703A-4A0A-A320-6E4A45A12FD7}.Debug|Any CPU.Build.0 = Debug|Any CPU
		{BD89E328-703A-4A0A-A320-6E4A45A12FD7}.Release|Any CPU.ActiveCfg = Release|Any CPU
		{BD89E328-703A-4A0A-A320-6E4A45A12FD7}.Release|Any CPU.Build.0 = Release|Any CPU
		{5B952B4D-37E8-462E-9F82-53892813AE86}.Debug|Any CPU.ActiveCfg = Debug|Any CPU
		{5B952B4D-37E8-462E-9F82-53892813AE86}.Debug|Any CPU.Build.0 = Debug|Any CPU
		{5B952B4D-37E8-462E-9F82-53892813AE86}.Release|Any CPU.ActiveCfg = Release|Any CPU
		{5B952B4D-37E8-462E-9F82-53892813AE86}.Release|Any CPU.Build.0 = Release|Any CPU
		{82178D7A-F70A-408C-84CC-AD64433DFE39}.Debug|Any CPU.ActiveCfg = Debug|Any CPU
		{82178D7A-F70A-408C-84CC-AD64433DFE39}.Debug|Any CPU.Build.0 = Debug|Any CPU
		{82178D7A-F70A-408C-84CC-AD64433DFE39}.Release|Any CPU.ActiveCfg = Release|Any CPU
		{82178D7A-F70A-408C-84CC-AD64433DFE39}.Release|Any CPU.Build.0 = Release|Any CPU
		{B9DD088D-874E-43FF-BE8F-E301E3110AA9}.Debug|Any CPU.ActiveCfg = Debug|Any CPU
		{B9DD088D-874E-43FF-BE8F-E301E3110AA9}.Debug|Any CPU.Build.0 = Debug|Any CPU
		{B9DD088D-874E-43FF-BE8F-E301E3110AA9}.Release|Any CPU.ActiveCfg = Release|Any CPU
		{B9DD088D-874E-43FF-BE8F-E301E3110AA9}.Release|Any CPU.Build.0 = Release|Any CPU
		{B43AF031-DD51-4770-BCDD-54536474E88F}.Debug|Any CPU.ActiveCfg = Debug|Any CPU
		{B43AF031-DD51-4770-BCDD-54536474E88F}.Debug|Any CPU.Build.0 = Debug|Any CPU
		{B43AF031-DD51-4770-BCDD-54536474E88F}.Release|Any CPU.ActiveCfg = Release|Any CPU
		{B43AF031-DD51-4770-BCDD-54536474E88F}.Release|Any CPU.Build.0 = Release|Any CPU
		{0CA07E9D-AC05-45A6-92A2-377649B8AAFD}.Debug|Any CPU.ActiveCfg = Debug|Any CPU
		{0CA07E9D-AC05-45A6-92A2-377649B8AAFD}.Debug|Any CPU.Build.0 = Debug|Any CPU
		{0CA07E9D-AC05-45A6-92A2-377649B8AAFD}.Release|Any CPU.ActiveCfg = Release|Any CPU
		{0CA07E9D-AC05-45A6-92A2-377649B8AAFD}.Release|Any CPU.Build.0 = Release|Any CPU
		{45406B2C-5034-4AD2-87E5-353C14796020}.Debug|Any CPU.ActiveCfg = Debug|Any CPU
		{45406B2C-5034-4AD2-87E5-353C14796020}.Debug|Any CPU.Build.0 = Debug|Any CPU
		{45406B2C-5034-4AD2-87E5-353C14796020}.Release|Any CPU.ActiveCfg = Release|Any CPU
		{45406B2C-5034-4AD2-87E5-353C14796020}.Release|Any CPU.Build.0 = Release|Any CPU
		{A0089545-5B21-4EE2-B7BE-03F96E79EF0B}.Debug|Any CPU.ActiveCfg = Debug|Any CPU
		{A0089545-5B21-4EE2-B7BE-03F96E79EF0B}.Debug|Any CPU.Build.0 = Debug|Any CPU
		{A0089545-5B21-4EE2-B7BE-03F96E79EF0B}.Release|Any CPU.ActiveCfg = Release|Any CPU
		{A0089545-5B21-4EE2-B7BE-03F96E79EF0B}.Release|Any CPU.Build.0 = Release|Any CPU
		{77E210B3-A462-49DC-8A50-8C253B244557}.Debug|Any CPU.ActiveCfg = Debug|Any CPU
		{77E210B3-A462-49DC-8A50-8C253B244557}.Debug|Any CPU.Build.0 = Debug|Any CPU
		{77E210B3-A462-49DC-8A50-8C253B244557}.Release|Any CPU.ActiveCfg = Release|Any CPU
		{77E210B3-A462-49DC-8A50-8C253B244557}.Release|Any CPU.Build.0 = Release|Any CPU
		{D47FEA64-75A4-411D-A822-46CC98C1911C}.Debug|Any CPU.ActiveCfg = Debug|Any CPU
		{D47FEA64-75A4-411D-A822-46CC98C1911C}.Debug|Any CPU.Build.0 = Debug|Any CPU
		{D47FEA64-75A4-411D-A822-46CC98C1911C}.Release|Any CPU.ActiveCfg = Release|Any CPU
		{D47FEA64-75A4-411D-A822-46CC98C1911C}.Release|Any CPU.Build.0 = Release|Any CPU
		{5383C0EF-7E10-4FA5-8170-2F3BB5E4ADC5}.Debug|Any CPU.ActiveCfg = Debug|Any CPU
		{5383C0EF-7E10-4FA5-8170-2F3BB5E4ADC5}.Debug|Any CPU.Build.0 = Debug|Any CPU
		{5383C0EF-7E10-4FA5-8170-2F3BB5E4ADC5}.Release|Any CPU.ActiveCfg = Release|Any CPU
		{5383C0EF-7E10-4FA5-8170-2F3BB5E4ADC5}.Release|Any CPU.Build.0 = Release|Any CPU
		{648B4A57-08C8-4FC2-952A-7B1FA5BA5B3E}.Debug|Any CPU.ActiveCfg = Debug|Any CPU
		{648B4A57-08C8-4FC2-952A-7B1FA5BA5B3E}.Debug|Any CPU.Build.0 = Debug|Any CPU
		{648B4A57-08C8-4FC2-952A-7B1FA5BA5B3E}.Release|Any CPU.ActiveCfg = Release|Any CPU
		{648B4A57-08C8-4FC2-952A-7B1FA5BA5B3E}.Release|Any CPU.Build.0 = Release|Any CPU
		{8393532A-279D-4C78-9564-1699D596A0B6}.Debug|Any CPU.ActiveCfg = Debug|Any CPU
		{8393532A-279D-4C78-9564-1699D596A0B6}.Debug|Any CPU.Build.0 = Debug|Any CPU
		{8393532A-279D-4C78-9564-1699D596A0B6}.Release|Any CPU.ActiveCfg = Release|Any CPU
		{8393532A-279D-4C78-9564-1699D596A0B6}.Release|Any CPU.Build.0 = Release|Any CPU
		{CE5A2A36-5B62-4230-B106-FB6BB8655A03}.Debug|Any CPU.ActiveCfg = Debug|Any CPU
		{CE5A2A36-5B62-4230-B106-FB6BB8655A03}.Debug|Any CPU.Build.0 = Debug|Any CPU
		{CE5A2A36-5B62-4230-B106-FB6BB8655A03}.Release|Any CPU.ActiveCfg = Release|Any CPU
		{CE5A2A36-5B62-4230-B106-FB6BB8655A03}.Release|Any CPU.Build.0 = Release|Any CPU
		{4C7A2D1F-69E6-4A22-936B-DD4FFCB9F12F}.Debug|Any CPU.ActiveCfg = Debug|Any CPU
		{4C7A2D1F-69E6-4A22-936B-DD4FFCB9F12F}.Debug|Any CPU.Build.0 = Debug|Any CPU
		{4C7A2D1F-69E6-4A22-936B-DD4FFCB9F12F}.Release|Any CPU.ActiveCfg = Release|Any CPU
		{4C7A2D1F-69E6-4A22-936B-DD4FFCB9F12F}.Release|Any CPU.Build.0 = Release|Any CPU
		{513BC75F-7A35-43EA-B6E9-D48ACD4E6207}.Debug|Any CPU.ActiveCfg = Debug|Any CPU
		{513BC75F-7A35-43EA-B6E9-D48ACD4E6207}.Debug|Any CPU.Build.0 = Debug|Any CPU
		{513BC75F-7A35-43EA-B6E9-D48ACD4E6207}.Release|Any CPU.ActiveCfg = Release|Any CPU
		{513BC75F-7A35-43EA-B6E9-D48ACD4E6207}.Release|Any CPU.Build.0 = Release|Any CPU
		{B76888AB-CBB2-40B0-9B14-3AB3D4EECD64}.Debug|Any CPU.ActiveCfg = Debug|Any CPU
		{B76888AB-CBB2-40B0-9B14-3AB3D4EECD64}.Debug|Any CPU.Build.0 = Debug|Any CPU
		{B76888AB-CBB2-40B0-9B14-3AB3D4EECD64}.Release|Any CPU.ActiveCfg = Release|Any CPU
		{B76888AB-CBB2-40B0-9B14-3AB3D4EECD64}.Release|Any CPU.Build.0 = Release|Any CPU
		{1C9027C1-F59C-407E-A6AD-0972254D0783}.Debug|Any CPU.ActiveCfg = Debug|Any CPU
		{1C9027C1-F59C-407E-A6AD-0972254D0783}.Debug|Any CPU.Build.0 = Debug|Any CPU
		{1C9027C1-F59C-407E-A6AD-0972254D0783}.Release|Any CPU.ActiveCfg = Release|Any CPU
		{1C9027C1-F59C-407E-A6AD-0972254D0783}.Release|Any CPU.Build.0 = Release|Any CPU
	EndGlobalSection
	GlobalSection(SolutionProperties) = preSolution
		HideSolutionNode = FALSE
	EndGlobalSection
	GlobalSection(ExtensibilityGlobals) = postSolution
		SolutionGuid = {03172234-7F8A-42B8-87C7-C8729CFABD73}
	EndGlobalSection
EndGlobal
