
Microsoft Visual Studio Solution File, Format Version 12.00
# Visual Studio Version 16
VisualStudioVersion = 16.0.31424.327
MinimumVisualStudioVersion = 10.0.40219.1
Project("{9A19103F-16F7-4668-BE54-9A1E7A4F7556}") = "LessonsCsharp", "LessonsCsharp\LessonsCsharp.csproj", "{34366ACB-FC76-4AF2-9A2B-CAD780A2E476}"
EndProject
Project("{9A19103F-16F7-4668-BE54-9A1E7A4F7556}") = "ExerciciosIniciais", "Exercicios\ExerciciosIniciais.csproj", "{18CEB1E1-AE6D-43A5-BB64-C6F9FCA386B7}"
EndProject
Project("{9A19103F-16F7-4668-BE54-9A1E7A4F7556}") = "Exercicio1", "Exercicio1\Exercicio1.csproj", "{BD308963-5FAC-40A9-A245-C12DCE5B535C}"
EndProject
Project("{9A19103F-16F7-4668-BE54-9A1E7A4F7556}") = "GetStartedFunctions", "GetStartedFunctions\GetStartedFunctions.csproj", "{A290DB56-0E64-49D8-866E-7FFB524D82BE}"
EndProject
Project("{9A19103F-16F7-4668-BE54-9A1E7A4F7556}") = "WhileLessons", "WhileLessons\WhileLessons.csproj", "{9B2C7588-058E-48E7-AAE5-D68F95409810}"
EndProject
Project("{9A19103F-16F7-4668-BE54-9A1E7A4F7556}") = "AddProductClass", "AddProductClass\AddProductClass.csproj", "{3DB447B2-4D6F-4784-BB5B-812B72CE2345}"
EndProject
Project("{9A19103F-16F7-4668-BE54-9A1E7A4F7556}") = "ExercicioDeFixacao10", "ExercicioDeFixacao10\ExercicioDeFixacao10.csproj", "{91E6EC84-F60D-4A37-8508-71D3DBA91A69}"
EndProject
Project("{9A19103F-16F7-4668-BE54-9A1E7A4F7556}") = "ExercicioDeFixacao11", "ExercicioDeFixacao11\ExercicioDeFixacao11.csproj", "{2AC14ED0-575E-45C5-BED0-60E40543E4A7}"
EndProject
Project("{9A19103F-16F7-4668-BE54-9A1E7A4F7556}") = "ExercicioDeFixacao12", "ExercicioDeFixacao12\ExercicioDeFixacao12.csproj", "{D32A0678-4FE1-468E-B927-BE35124BB706}"
EndProject
Project("{9A19103F-16F7-4668-BE54-9A1E7A4F7556}") = "NullableExample", "NullableExample\NullableExample.csproj", "{F8201FAB-9839-49A9-9D67-26EB4536E162}"
EndProject
Project("{9A19103F-16F7-4668-BE54-9A1E7A4F7556}") = "VetorExample", "VetorExample\VetorExample.csproj", "{B3791241-527D-4A24-BC62-44BB5083B41D}"
EndProject
Project("{9A19103F-16F7-4668-BE54-9A1E7A4F7556}") = "VectProductExample", "VectProductExample\VectProductExample.csproj", "{FE00A292-6E27-42DA-8C82-80814FE821D2}"
EndProject
Project("{9A19103F-16F7-4668-BE54-9A1E7A4F7556}") = "ExercicioDeFixacao13", "ExercicioDeFixacao13\ExercicioDeFixacao13.csproj", "{AA481B27-8735-42C0-8F70-48E39FA65A9A}"
EndProject
Project("{9A19103F-16F7-4668-BE54-9A1E7A4F7556}") = "ExercicioDeFixacao14", "ExercicioDeFixacao14\ExercicioDeFixacao14.csproj", "{B1020E7D-BAE8-47C3-B39A-9A62118361A9}"
EndProject
Project("{9A19103F-16F7-4668-BE54-9A1E7A4F7556}") = "UsingMatrix", "UsingMatrix\UsingMatrix.csproj", "{335429F8-57A2-488A-99CB-9C81E921BA17}"
EndProject
Project("{9A19103F-16F7-4668-BE54-9A1E7A4F7556}") = "ExercicioDeFixacao15", "ExercicioDeFixacao15\ExercicioDeFixacao15.csproj", "{C988FF62-450A-4D78-87BF-0CE8862035E9}"
EndProject
Project("{9A19103F-16F7-4668-BE54-9A1E7A4F7556}") = "WorkingWithDate", "WorkingWithDate\WorkingWithDate.csproj", "{EC45DDC0-9A09-4E1B-A2D5-8CA585C6F7CF}"
EndProject
Project("{9A19103F-16F7-4668-BE54-9A1E7A4F7556}") = "FormatingDate", "FormatingDate\FormatingDate.csproj", "{CBAFA63C-97B7-41FC-8A43-AA9B8CCFC942}"
EndProject
Project("{9A19103F-16F7-4668-BE54-9A1E7A4F7556}") = "UsingTimeSpan", "UsingTimeSpan\UsingTimeSpan.csproj", "{6D307793-95C1-499B-9205-93D0830DBFB9}"
EndProject
Project("{9A19103F-16F7-4668-BE54-9A1E7A4F7556}") = "FatorialSimples", "FatorialSimples\FatorialSimples.csproj", "{ED5779FD-8198-44EB-BB29-BD0F3E759A28}"
EndProject
Project("{9A19103F-16F7-4668-BE54-9A1E7A4F7556}") = "SimpleFactorial", "SimpleFactorial\SimpleFactorial.csproj", "{77E73841-9648-43A4-9F37-5034300C6ED0}"
EndProject
Project("{9A19103F-16F7-4668-BE54-9A1E7A4F7556}") = "UsingPilha", "UsingPilha\UsingPilha.csproj", "{28E98BEE-153C-46C0-B8DB-1FA8BC79C4E6}"
EndProject
Project("{9A19103F-16F7-4668-BE54-9A1E7A4F7556}") = "UsingStack", "UsingStack\UsingStack.csproj", "{666B00B3-DDC6-4E78-931E-43DCA939751B}"
EndProject
Project("{9A19103F-16F7-4668-BE54-9A1E7A4F7556}") = "DioExercise01", "DioExercise01\DioExercise01.csproj", "{3CEB4068-12C3-4C6B-818F-B3EE8BE461AB}"
EndProject
Project("{9A19103F-16F7-4668-BE54-9A1E7A4F7556}") = "DioExercise02", "DioExercise02\DioExercise02.csproj", "{D0FBF9E5-77F5-4F30-94C2-92BB05B809AB}"
EndProject
Project("{9A19103F-16F7-4668-BE54-9A1E7A4F7556}") = "DioExercise03", "DioExercise03\DioExercise03.csproj", "{3D4B866E-0597-4A0A-9D84-8A65CBEC1AE8}"
EndProject
Project("{9A19103F-16F7-4668-BE54-9A1E7A4F7556}") = "DioExercise05", "DioExercise05\DioExercise05.csproj", "{417CF13A-BBDB-43AF-B203-D7F9A6044E8B}"
EndProject
Project("{9A19103F-16F7-4668-BE54-9A1E7A4F7556}") = "DioExercise06", "DioExercise06\DioExercise06.csproj", "{BA60CA89-C3FE-4C31-9789-81BAF1361FE9}"
EndProject
Project("{9A19103F-16F7-4668-BE54-9A1E7A4F7556}") = "DioExercise07", "DioExercise07\DioExercise07.csproj", "{0E662E76-8AD6-4A32-8887-64A040CBC7A4}"
EndProject
Project("{9A19103F-16F7-4668-BE54-9A1E7A4F7556}") = "DioExercise08", "DioExercise08\DioExercise08.csproj", "{1332557E-E07C-4D6A-B073-1836216E0411}"
EndProject
Project("{9A19103F-16F7-4668-BE54-9A1E7A4F7556}") = "DioExercise09", "DioExercise09\DioExercise09.csproj", "{E3BB20EC-CD66-4BD8-935C-8B6ED30DA3EB}"
EndProject
Project("{FAE04EC0-301F-11D3-BF4B-00C04F79EFBC}") = "SerializeXML", "SerializeXML\SerializeXML.csproj", "{7EAB383B-338C-4BE3-BA37-E797A1CAD340}"
EndProject
Project("{FAE04EC0-301F-11D3-BF4B-00C04F79EFBC}") = "Library", "Library\Library.csproj", "{D1F87C5B-FCBD-466C-80A4-1112402A2873}"
EndProject
Global
	GlobalSection(SolutionConfigurationPlatforms) = preSolution
		Debug|Any CPU = Debug|Any CPU
		Release|Any CPU = Release|Any CPU
	EndGlobalSection
	GlobalSection(ProjectConfigurationPlatforms) = postSolution
		{34366ACB-FC76-4AF2-9A2B-CAD780A2E476}.Debug|Any CPU.ActiveCfg = Debug|Any CPU
		{34366ACB-FC76-4AF2-9A2B-CAD780A2E476}.Debug|Any CPU.Build.0 = Debug|Any CPU
		{34366ACB-FC76-4AF2-9A2B-CAD780A2E476}.Release|Any CPU.ActiveCfg = Release|Any CPU
		{34366ACB-FC76-4AF2-9A2B-CAD780A2E476}.Release|Any CPU.Build.0 = Release|Any CPU
		{18CEB1E1-AE6D-43A5-BB64-C6F9FCA386B7}.Debug|Any CPU.ActiveCfg = Debug|Any CPU
		{18CEB1E1-AE6D-43A5-BB64-C6F9FCA386B7}.Debug|Any CPU.Build.0 = Debug|Any CPU
		{18CEB1E1-AE6D-43A5-BB64-C6F9FCA386B7}.Release|Any CPU.ActiveCfg = Release|Any CPU
		{18CEB1E1-AE6D-43A5-BB64-C6F9FCA386B7}.Release|Any CPU.Build.0 = Release|Any CPU
		{BD308963-5FAC-40A9-A245-C12DCE5B535C}.Debug|Any CPU.ActiveCfg = Debug|Any CPU
		{BD308963-5FAC-40A9-A245-C12DCE5B535C}.Debug|Any CPU.Build.0 = Debug|Any CPU
		{BD308963-5FAC-40A9-A245-C12DCE5B535C}.Release|Any CPU.ActiveCfg = Release|Any CPU
		{BD308963-5FAC-40A9-A245-C12DCE5B535C}.Release|Any CPU.Build.0 = Release|Any CPU
		{A290DB56-0E64-49D8-866E-7FFB524D82BE}.Debug|Any CPU.ActiveCfg = Debug|Any CPU
		{A290DB56-0E64-49D8-866E-7FFB524D82BE}.Debug|Any CPU.Build.0 = Debug|Any CPU
		{A290DB56-0E64-49D8-866E-7FFB524D82BE}.Release|Any CPU.ActiveCfg = Release|Any CPU
		{A290DB56-0E64-49D8-866E-7FFB524D82BE}.Release|Any CPU.Build.0 = Release|Any CPU
		{9B2C7588-058E-48E7-AAE5-D68F95409810}.Debug|Any CPU.ActiveCfg = Debug|Any CPU
		{9B2C7588-058E-48E7-AAE5-D68F95409810}.Debug|Any CPU.Build.0 = Debug|Any CPU
		{9B2C7588-058E-48E7-AAE5-D68F95409810}.Release|Any CPU.ActiveCfg = Release|Any CPU
		{9B2C7588-058E-48E7-AAE5-D68F95409810}.Release|Any CPU.Build.0 = Release|Any CPU
		{3DB447B2-4D6F-4784-BB5B-812B72CE2345}.Debug|Any CPU.ActiveCfg = Debug|Any CPU
		{3DB447B2-4D6F-4784-BB5B-812B72CE2345}.Debug|Any CPU.Build.0 = Debug|Any CPU
		{3DB447B2-4D6F-4784-BB5B-812B72CE2345}.Release|Any CPU.ActiveCfg = Release|Any CPU
		{3DB447B2-4D6F-4784-BB5B-812B72CE2345}.Release|Any CPU.Build.0 = Release|Any CPU
		{91E6EC84-F60D-4A37-8508-71D3DBA91A69}.Debug|Any CPU.ActiveCfg = Debug|Any CPU
		{91E6EC84-F60D-4A37-8508-71D3DBA91A69}.Debug|Any CPU.Build.0 = Debug|Any CPU
		{91E6EC84-F60D-4A37-8508-71D3DBA91A69}.Release|Any CPU.ActiveCfg = Release|Any CPU
		{91E6EC84-F60D-4A37-8508-71D3DBA91A69}.Release|Any CPU.Build.0 = Release|Any CPU
		{2AC14ED0-575E-45C5-BED0-60E40543E4A7}.Debug|Any CPU.ActiveCfg = Debug|Any CPU
		{2AC14ED0-575E-45C5-BED0-60E40543E4A7}.Debug|Any CPU.Build.0 = Debug|Any CPU
		{2AC14ED0-575E-45C5-BED0-60E40543E4A7}.Release|Any CPU.ActiveCfg = Release|Any CPU
		{2AC14ED0-575E-45C5-BED0-60E40543E4A7}.Release|Any CPU.Build.0 = Release|Any CPU
		{D32A0678-4FE1-468E-B927-BE35124BB706}.Debug|Any CPU.ActiveCfg = Debug|Any CPU
		{D32A0678-4FE1-468E-B927-BE35124BB706}.Debug|Any CPU.Build.0 = Debug|Any CPU
		{D32A0678-4FE1-468E-B927-BE35124BB706}.Release|Any CPU.ActiveCfg = Release|Any CPU
		{D32A0678-4FE1-468E-B927-BE35124BB706}.Release|Any CPU.Build.0 = Release|Any CPU
		{F8201FAB-9839-49A9-9D67-26EB4536E162}.Debug|Any CPU.ActiveCfg = Debug|Any CPU
		{F8201FAB-9839-49A9-9D67-26EB4536E162}.Debug|Any CPU.Build.0 = Debug|Any CPU
		{F8201FAB-9839-49A9-9D67-26EB4536E162}.Release|Any CPU.ActiveCfg = Release|Any CPU
		{F8201FAB-9839-49A9-9D67-26EB4536E162}.Release|Any CPU.Build.0 = Release|Any CPU
		{B3791241-527D-4A24-BC62-44BB5083B41D}.Debug|Any CPU.ActiveCfg = Debug|Any CPU
		{B3791241-527D-4A24-BC62-44BB5083B41D}.Debug|Any CPU.Build.0 = Debug|Any CPU
		{B3791241-527D-4A24-BC62-44BB5083B41D}.Release|Any CPU.ActiveCfg = Release|Any CPU
		{B3791241-527D-4A24-BC62-44BB5083B41D}.Release|Any CPU.Build.0 = Release|Any CPU
		{FE00A292-6E27-42DA-8C82-80814FE821D2}.Debug|Any CPU.ActiveCfg = Debug|Any CPU
		{FE00A292-6E27-42DA-8C82-80814FE821D2}.Debug|Any CPU.Build.0 = Debug|Any CPU
		{FE00A292-6E27-42DA-8C82-80814FE821D2}.Release|Any CPU.ActiveCfg = Release|Any CPU
		{FE00A292-6E27-42DA-8C82-80814FE821D2}.Release|Any CPU.Build.0 = Release|Any CPU
		{AA481B27-8735-42C0-8F70-48E39FA65A9A}.Debug|Any CPU.ActiveCfg = Debug|Any CPU
		{AA481B27-8735-42C0-8F70-48E39FA65A9A}.Debug|Any CPU.Build.0 = Debug|Any CPU
		{AA481B27-8735-42C0-8F70-48E39FA65A9A}.Release|Any CPU.ActiveCfg = Release|Any CPU
		{AA481B27-8735-42C0-8F70-48E39FA65A9A}.Release|Any CPU.Build.0 = Release|Any CPU
		{B1020E7D-BAE8-47C3-B39A-9A62118361A9}.Debug|Any CPU.ActiveCfg = Debug|Any CPU
		{B1020E7D-BAE8-47C3-B39A-9A62118361A9}.Debug|Any CPU.Build.0 = Debug|Any CPU
		{B1020E7D-BAE8-47C3-B39A-9A62118361A9}.Release|Any CPU.ActiveCfg = Release|Any CPU
		{B1020E7D-BAE8-47C3-B39A-9A62118361A9}.Release|Any CPU.Build.0 = Release|Any CPU
		{335429F8-57A2-488A-99CB-9C81E921BA17}.Debug|Any CPU.ActiveCfg = Debug|Any CPU
		{335429F8-57A2-488A-99CB-9C81E921BA17}.Debug|Any CPU.Build.0 = Debug|Any CPU
		{335429F8-57A2-488A-99CB-9C81E921BA17}.Release|Any CPU.ActiveCfg = Release|Any CPU
		{335429F8-57A2-488A-99CB-9C81E921BA17}.Release|Any CPU.Build.0 = Release|Any CPU
		{C988FF62-450A-4D78-87BF-0CE8862035E9}.Debug|Any CPU.ActiveCfg = Debug|Any CPU
		{C988FF62-450A-4D78-87BF-0CE8862035E9}.Debug|Any CPU.Build.0 = Debug|Any CPU
		{C988FF62-450A-4D78-87BF-0CE8862035E9}.Release|Any CPU.ActiveCfg = Release|Any CPU
		{C988FF62-450A-4D78-87BF-0CE8862035E9}.Release|Any CPU.Build.0 = Release|Any CPU
		{EC45DDC0-9A09-4E1B-A2D5-8CA585C6F7CF}.Debug|Any CPU.ActiveCfg = Debug|Any CPU
		{EC45DDC0-9A09-4E1B-A2D5-8CA585C6F7CF}.Debug|Any CPU.Build.0 = Debug|Any CPU
		{EC45DDC0-9A09-4E1B-A2D5-8CA585C6F7CF}.Release|Any CPU.ActiveCfg = Release|Any CPU
		{EC45DDC0-9A09-4E1B-A2D5-8CA585C6F7CF}.Release|Any CPU.Build.0 = Release|Any CPU
		{CBAFA63C-97B7-41FC-8A43-AA9B8CCFC942}.Debug|Any CPU.ActiveCfg = Debug|Any CPU
		{CBAFA63C-97B7-41FC-8A43-AA9B8CCFC942}.Debug|Any CPU.Build.0 = Debug|Any CPU
		{CBAFA63C-97B7-41FC-8A43-AA9B8CCFC942}.Release|Any CPU.ActiveCfg = Release|Any CPU
		{CBAFA63C-97B7-41FC-8A43-AA9B8CCFC942}.Release|Any CPU.Build.0 = Release|Any CPU
		{6D307793-95C1-499B-9205-93D0830DBFB9}.Debug|Any CPU.ActiveCfg = Debug|Any CPU
		{6D307793-95C1-499B-9205-93D0830DBFB9}.Debug|Any CPU.Build.0 = Debug|Any CPU
		{6D307793-95C1-499B-9205-93D0830DBFB9}.Release|Any CPU.ActiveCfg = Release|Any CPU
		{6D307793-95C1-499B-9205-93D0830DBFB9}.Release|Any CPU.Build.0 = Release|Any CPU
		{ED5779FD-8198-44EB-BB29-BD0F3E759A28}.Debug|Any CPU.ActiveCfg = Debug|Any CPU
		{ED5779FD-8198-44EB-BB29-BD0F3E759A28}.Debug|Any CPU.Build.0 = Debug|Any CPU
		{ED5779FD-8198-44EB-BB29-BD0F3E759A28}.Release|Any CPU.ActiveCfg = Release|Any CPU
		{ED5779FD-8198-44EB-BB29-BD0F3E759A28}.Release|Any CPU.Build.0 = Release|Any CPU
		{77E73841-9648-43A4-9F37-5034300C6ED0}.Debug|Any CPU.ActiveCfg = Debug|Any CPU
		{77E73841-9648-43A4-9F37-5034300C6ED0}.Debug|Any CPU.Build.0 = Debug|Any CPU
		{77E73841-9648-43A4-9F37-5034300C6ED0}.Release|Any CPU.ActiveCfg = Release|Any CPU
		{77E73841-9648-43A4-9F37-5034300C6ED0}.Release|Any CPU.Build.0 = Release|Any CPU
		{28E98BEE-153C-46C0-B8DB-1FA8BC79C4E6}.Debug|Any CPU.ActiveCfg = Debug|Any CPU
		{28E98BEE-153C-46C0-B8DB-1FA8BC79C4E6}.Debug|Any CPU.Build.0 = Debug|Any CPU
		{28E98BEE-153C-46C0-B8DB-1FA8BC79C4E6}.Release|Any CPU.ActiveCfg = Release|Any CPU
		{28E98BEE-153C-46C0-B8DB-1FA8BC79C4E6}.Release|Any CPU.Build.0 = Release|Any CPU
		{666B00B3-DDC6-4E78-931E-43DCA939751B}.Debug|Any CPU.ActiveCfg = Debug|Any CPU
		{666B00B3-DDC6-4E78-931E-43DCA939751B}.Debug|Any CPU.Build.0 = Debug|Any CPU
		{666B00B3-DDC6-4E78-931E-43DCA939751B}.Release|Any CPU.ActiveCfg = Release|Any CPU
		{666B00B3-DDC6-4E78-931E-43DCA939751B}.Release|Any CPU.Build.0 = Release|Any CPU
		{3CEB4068-12C3-4C6B-818F-B3EE8BE461AB}.Debug|Any CPU.ActiveCfg = Debug|Any CPU
		{3CEB4068-12C3-4C6B-818F-B3EE8BE461AB}.Debug|Any CPU.Build.0 = Debug|Any CPU
		{3CEB4068-12C3-4C6B-818F-B3EE8BE461AB}.Release|Any CPU.ActiveCfg = Release|Any CPU
		{3CEB4068-12C3-4C6B-818F-B3EE8BE461AB}.Release|Any CPU.Build.0 = Release|Any CPU
		{D0FBF9E5-77F5-4F30-94C2-92BB05B809AB}.Debug|Any CPU.ActiveCfg = Debug|Any CPU
		{D0FBF9E5-77F5-4F30-94C2-92BB05B809AB}.Debug|Any CPU.Build.0 = Debug|Any CPU
		{D0FBF9E5-77F5-4F30-94C2-92BB05B809AB}.Release|Any CPU.ActiveCfg = Release|Any CPU
		{D0FBF9E5-77F5-4F30-94C2-92BB05B809AB}.Release|Any CPU.Build.0 = Release|Any CPU
		{3D4B866E-0597-4A0A-9D84-8A65CBEC1AE8}.Debug|Any CPU.ActiveCfg = Debug|Any CPU
		{3D4B866E-0597-4A0A-9D84-8A65CBEC1AE8}.Debug|Any CPU.Build.0 = Debug|Any CPU
		{3D4B866E-0597-4A0A-9D84-8A65CBEC1AE8}.Release|Any CPU.ActiveCfg = Release|Any CPU
		{3D4B866E-0597-4A0A-9D84-8A65CBEC1AE8}.Release|Any CPU.Build.0 = Release|Any CPU
		{417CF13A-BBDB-43AF-B203-D7F9A6044E8B}.Debug|Any CPU.ActiveCfg = Debug|Any CPU
		{417CF13A-BBDB-43AF-B203-D7F9A6044E8B}.Debug|Any CPU.Build.0 = Debug|Any CPU
		{417CF13A-BBDB-43AF-B203-D7F9A6044E8B}.Release|Any CPU.ActiveCfg = Release|Any CPU
		{417CF13A-BBDB-43AF-B203-D7F9A6044E8B}.Release|Any CPU.Build.0 = Release|Any CPU
		{BA60CA89-C3FE-4C31-9789-81BAF1361FE9}.Debug|Any CPU.ActiveCfg = Debug|Any CPU
		{BA60CA89-C3FE-4C31-9789-81BAF1361FE9}.Debug|Any CPU.Build.0 = Debug|Any CPU
		{BA60CA89-C3FE-4C31-9789-81BAF1361FE9}.Release|Any CPU.ActiveCfg = Release|Any CPU
		{BA60CA89-C3FE-4C31-9789-81BAF1361FE9}.Release|Any CPU.Build.0 = Release|Any CPU
		{0E662E76-8AD6-4A32-8887-64A040CBC7A4}.Debug|Any CPU.ActiveCfg = Debug|Any CPU
		{0E662E76-8AD6-4A32-8887-64A040CBC7A4}.Debug|Any CPU.Build.0 = Debug|Any CPU
		{0E662E76-8AD6-4A32-8887-64A040CBC7A4}.Release|Any CPU.ActiveCfg = Release|Any CPU
		{0E662E76-8AD6-4A32-8887-64A040CBC7A4}.Release|Any CPU.Build.0 = Release|Any CPU
		{1332557E-E07C-4D6A-B073-1836216E0411}.Debug|Any CPU.ActiveCfg = Debug|Any CPU
		{1332557E-E07C-4D6A-B073-1836216E0411}.Debug|Any CPU.Build.0 = Debug|Any CPU
		{1332557E-E07C-4D6A-B073-1836216E0411}.Release|Any CPU.ActiveCfg = Release|Any CPU
		{1332557E-E07C-4D6A-B073-1836216E0411}.Release|Any CPU.Build.0 = Release|Any CPU
		{E3BB20EC-CD66-4BD8-935C-8B6ED30DA3EB}.Debug|Any CPU.ActiveCfg = Debug|Any CPU
		{E3BB20EC-CD66-4BD8-935C-8B6ED30DA3EB}.Debug|Any CPU.Build.0 = Debug|Any CPU
		{E3BB20EC-CD66-4BD8-935C-8B6ED30DA3EB}.Release|Any CPU.ActiveCfg = Release|Any CPU
		{E3BB20EC-CD66-4BD8-935C-8B6ED30DA3EB}.Release|Any CPU.Build.0 = Release|Any CPU
		{7EAB383B-338C-4BE3-BA37-E797A1CAD340}.Debug|Any CPU.ActiveCfg = Debug|Any CPU
		{7EAB383B-338C-4BE3-BA37-E797A1CAD340}.Debug|Any CPU.Build.0 = Debug|Any CPU
		{7EAB383B-338C-4BE3-BA37-E797A1CAD340}.Release|Any CPU.ActiveCfg = Release|Any CPU
		{7EAB383B-338C-4BE3-BA37-E797A1CAD340}.Release|Any CPU.Build.0 = Release|Any CPU
		{D1F87C5B-FCBD-466C-80A4-1112402A2873}.Debug|Any CPU.ActiveCfg = Debug|Any CPU
		{D1F87C5B-FCBD-466C-80A4-1112402A2873}.Debug|Any CPU.Build.0 = Debug|Any CPU
		{D1F87C5B-FCBD-466C-80A4-1112402A2873}.Release|Any CPU.ActiveCfg = Release|Any CPU
		{D1F87C5B-FCBD-466C-80A4-1112402A2873}.Release|Any CPU.Build.0 = Release|Any CPU
	EndGlobalSection
	GlobalSection(SolutionProperties) = preSolution
		HideSolutionNode = FALSE
	EndGlobalSection
	GlobalSection(ExtensibilityGlobals) = postSolution
		SolutionGuid = {1CD7E656-F650-4A8F-B1BF-9B55E27E7858}
	EndGlobalSection
EndGlobal
