
Microsoft Visual Studio Solution File, Format Version 12.00
# Visual Studio Version 16
VisualStudioVersion = 16.0.31424.327
MinimumVisualStudioVersion = 10.0.40219.1
Project("{9A19103F-16F7-4668-BE54-9A1E7A4F7556}") = "LessonsCsharp", "LessonsCsharp\LessonsCsharp.csproj", "{34366ACB-FC76-4AF2-9A2B-CAD780A2E476}"
EndProject
Project("{9A19103F-16F7-4668-BE54-9A1E7A4F7556}") = "ExerciciosIniciais", "Exercicios\ExerciciosIniciais.csproj", "{18CEB1E1-AE6D-43A5-BB64-C6F9FCA386B7}"
EndProject
Project("{9A19103F-16F7-4668-BE54-9A1E7A4F7556}") = "Exercicio1", "Exercicio1\Exercicio1.csproj", "{BD308963-5FAC-40A9-A245-C12DCE5B535C}"
EndProject
Project("{9A19103F-16F7-4668-BE54-9A1E7A4F7556}") = "ExercicioDeFIxacao01", "ExercicioDeFIxacao1\ExercicioDeFIxacao01.csproj", "{99BEE048-B299-4040-9E0D-5BB3ACBD8ECA}"
EndProject
Project("{9A19103F-16F7-4668-BE54-9A1E7A4F7556}") = "ExercicioDeFixacao00", "ExercicioDeFixacao\ExercicioDeFixacao00.csproj", "{0BCA114B-265B-423E-8542-2C751BCA3CE8}"
EndProject
Project("{9A19103F-16F7-4668-BE54-9A1E7A4F7556}") = "GetStartedFunctions", "GetStartedFunctions\GetStartedFunctions.csproj", "{A290DB56-0E64-49D8-866E-7FFB524D82BE}"
EndProject
Project("{9A19103F-16F7-4668-BE54-9A1E7A4F7556}") = "WhileLessons", "WhileLessons\WhileLessons.csproj", "{9B2C7588-058E-48E7-AAE5-D68F95409810}"
EndProject
Project("{9A19103F-16F7-4668-BE54-9A1E7A4F7556}") = "ExercicioDeFixacao02", "ExerciciosDeFixação2\ExercicioDeFixacao02.csproj", "{F0946881-C1FD-4AC2-8580-2281E9EFB630}"
EndProject
Project("{9A19103F-16F7-4668-BE54-9A1E7A4F7556}") = "ExercicioDeFixacao03", "ExercicioDeFixacao3\ExercicioDeFixacao03.csproj", "{75A0CDC6-E7C1-46DE-8E5E-25966E6B5F2C}"
EndProject
Project("{9A19103F-16F7-4668-BE54-9A1E7A4F7556}") = "ExercicioDeFixacao04", "ExercicioDeFixacao4\ExercicioDeFixacao04.csproj", "{8C5C82B2-2B38-4E8E-B406-BA0C0D70FE75}"
EndProject
Project("{9A19103F-16F7-4668-BE54-9A1E7A4F7556}") = "ExercicioDeFixacao05", "ExercicioDeFixacao5\ExercicioDeFixacao05.csproj", "{5EC5D1AA-FD8D-4BFB-98A3-14BB2C00C313}"
EndProject
Project("{9A19103F-16F7-4668-BE54-9A1E7A4F7556}") = "ExercicioDeFixacao06", "ExercicioDeFixacao6\ExercicioDeFixacao06.csproj", "{77623FAF-E0D0-41A2-AEAC-331A02F825C9}"
EndProject
Project("{9A19103F-16F7-4668-BE54-9A1E7A4F7556}") = "AddProductClass", "AddProductClass\AddProductClass.csproj", "{3DB447B2-4D6F-4784-BB5B-812B72CE2345}"
EndProject
Project("{9A19103F-16F7-4668-BE54-9A1E7A4F7556}") = "ExercicioDeFixacao07", "ExercicioDeFixacao7\ExercicioDeFixacao07.csproj", "{E820E5BB-F744-4EAE-AD28-9EAE1A3D8398}"
EndProject
Project("{9A19103F-16F7-4668-BE54-9A1E7A4F7556}") = "ExercicioDeFixacao08", "ExercicioDeFixacao8\ExercicioDeFixacao08.csproj", "{9B2AAB5A-6993-4925-B9A9-A54B5ECF131E}"
EndProject
Project("{9A19103F-16F7-4668-BE54-9A1E7A4F7556}") = "ExercicioDeFixacao09", "ExercicioDeFixacao9\ExercicioDeFixacao09.csproj", "{87F24FA3-6B49-4FC0-A1B1-9D0DBA425DBF}"
EndProject
Project("{9A19103F-16F7-4668-BE54-9A1E7A4F7556}") = "ExercicioDeFixacao10", "ExercicioDeFixacao10\ExercicioDeFixacao10.csproj", "{91E6EC84-F60D-4A37-8508-71D3DBA91A69}"
EndProject
Project("{9A19103F-16F7-4668-BE54-9A1E7A4F7556}") = "ExercicioDeFixacao11", "ExercicioDeFixacao11\ExercicioDeFixacao11.csproj", "{2AC14ED0-575E-45C5-BED0-60E40543E4A7}"
EndProject
Project("{9A19103F-16F7-4668-BE54-9A1E7A4F7556}") = "ExercicioDeFixacao12", "ExercicioDeFixacao12\ExercicioDeFixacao12.csproj", "{D32A0678-4FE1-468E-B927-BE35124BB706}"
EndProject
Project("{9A19103F-16F7-4668-BE54-9A1E7A4F7556}") = "NullableExample", "NullableExample\NullableExample.csproj", "{F8201FAB-9839-49A9-9D67-26EB4536E162}"
EndProject
Project("{9A19103F-16F7-4668-BE54-9A1E7A4F7556}") = "VetorExample", "VetorExample\VetorExample.csproj", "{B3791241-527D-4A24-BC62-44BB5083B41D}"
EndProject
Project("{9A19103F-16F7-4668-BE54-9A1E7A4F7556}") = "VectProductExample", "VectProductExample\VectProductExample.csproj", "{FE00A292-6E27-42DA-8C82-80814FE821D2}"
EndProject
Project("{9A19103F-16F7-4668-BE54-9A1E7A4F7556}") = "ExercicioDeFixacao13", "ExercicioDeFixacao13\ExercicioDeFixacao13.csproj", "{AA481B27-8735-42C0-8F70-48E39FA65A9A}"
EndProject
Project("{9A19103F-16F7-4668-BE54-9A1E7A4F7556}") = "ExercicioDeFixacao14", "ExercicioDeFixacao14\ExercicioDeFixacao14.csproj", "{B1020E7D-BAE8-47C3-B39A-9A62118361A9}"
EndProject
Project("{9A19103F-16F7-4668-BE54-9A1E7A4F7556}") = "UsingMatrix", "UsingMatrix\UsingMatrix.csproj", "{335429F8-57A2-488A-99CB-9C81E921BA17}"
EndProject
Project("{9A19103F-16F7-4668-BE54-9A1E7A4F7556}") = "ExercicioDeFixacao15", "ExercicioDeFixacao15\ExercicioDeFixacao15.csproj", "{C988FF62-450A-4D78-87BF-0CE8862035E9}"
EndProject
Project("{FAE04EC0-301F-11D3-BF4B-00C04F79EFBC}") = "WorkingWithDate", "WorkingWithDate\WorkingWithDate.csproj", "{EC45DDC0-9A09-4E1B-A2D5-8CA585C6F7CF}"
EndProject
Project("{FAE04EC0-301F-11D3-BF4B-00C04F79EFBC}") = "FormatingDate", "FormatingDate\FormatingDate.csproj", "{CBAFA63C-97B7-41FC-8A43-AA9B8CCFC942}"
EndProject
Project("{FAE04EC0-301F-11D3-BF4B-00C04F79EFBC}") = "UsingTimeSpan", "UsingTimeSpan\UsingTimeSpan.csproj", "{6D307793-95C1-499B-9205-93D0830DBFB9}"
EndProject
Global
	GlobalSection(SolutionConfigurationPlatforms) = preSolution
		Debug|Any CPU = Debug|Any CPU
		Release|Any CPU = Release|Any CPU
	EndGlobalSection
	GlobalSection(ProjectConfigurationPlatforms) = postSolution
		{34366ACB-FC76-4AF2-9A2B-CAD780A2E476}.Debug|Any CPU.ActiveCfg = Debug|Any CPU
		{34366ACB-FC76-4AF2-9A2B-CAD780A2E476}.Debug|Any CPU.Build.0 = Debug|Any CPU
		{34366ACB-FC76-4AF2-9A2B-CAD780A2E476}.Release|Any CPU.ActiveCfg = Release|Any CPU
		{34366ACB-FC76-4AF2-9A2B-CAD780A2E476}.Release|Any CPU.Build.0 = Release|Any CPU
		{18CEB1E1-AE6D-43A5-BB64-C6F9FCA386B7}.Debug|Any CPU.ActiveCfg = Debug|Any CPU
		{18CEB1E1-AE6D-43A5-BB64-C6F9FCA386B7}.Debug|Any CPU.Build.0 = Debug|Any CPU
		{18CEB1E1-AE6D-43A5-BB64-C6F9FCA386B7}.Release|Any CPU.ActiveCfg = Release|Any CPU
		{18CEB1E1-AE6D-43A5-BB64-C6F9FCA386B7}.Release|Any CPU.Build.0 = Release|Any CPU
		{BD308963-5FAC-40A9-A245-C12DCE5B535C}.Debug|Any CPU.ActiveCfg = Debug|Any CPU
		{BD308963-5FAC-40A9-A245-C12DCE5B535C}.Debug|Any CPU.Build.0 = Debug|Any CPU
		{BD308963-5FAC-40A9-A245-C12DCE5B535C}.Release|Any CPU.ActiveCfg = Release|Any CPU
		{BD308963-5FAC-40A9-A245-C12DCE5B535C}.Release|Any CPU.Build.0 = Release|Any CPU
		{99BEE048-B299-4040-9E0D-5BB3ACBD8ECA}.Debug|Any CPU.ActiveCfg = Debug|Any CPU
		{99BEE048-B299-4040-9E0D-5BB3ACBD8ECA}.Debug|Any CPU.Build.0 = Debug|Any CPU
		{99BEE048-B299-4040-9E0D-5BB3ACBD8ECA}.Release|Any CPU.ActiveCfg = Release|Any CPU
		{99BEE048-B299-4040-9E0D-5BB3ACBD8ECA}.Release|Any CPU.Build.0 = Release|Any CPU
		{0BCA114B-265B-423E-8542-2C751BCA3CE8}.Debug|Any CPU.ActiveCfg = Debug|Any CPU
		{0BCA114B-265B-423E-8542-2C751BCA3CE8}.Debug|Any CPU.Build.0 = Debug|Any CPU
		{0BCA114B-265B-423E-8542-2C751BCA3CE8}.Release|Any CPU.ActiveCfg = Release|Any CPU
		{0BCA114B-265B-423E-8542-2C751BCA3CE8}.Release|Any CPU.Build.0 = Release|Any CPU
		{A290DB56-0E64-49D8-866E-7FFB524D82BE}.Debug|Any CPU.ActiveCfg = Debug|Any CPU
		{A290DB56-0E64-49D8-866E-7FFB524D82BE}.Debug|Any CPU.Build.0 = Debug|Any CPU
		{A290DB56-0E64-49D8-866E-7FFB524D82BE}.Release|Any CPU.ActiveCfg = Release|Any CPU
		{A290DB56-0E64-49D8-866E-7FFB524D82BE}.Release|Any CPU.Build.0 = Release|Any CPU
		{9B2C7588-058E-48E7-AAE5-D68F95409810}.Debug|Any CPU.ActiveCfg = Debug|Any CPU
		{9B2C7588-058E-48E7-AAE5-D68F95409810}.Debug|Any CPU.Build.0 = Debug|Any CPU
		{9B2C7588-058E-48E7-AAE5-D68F95409810}.Release|Any CPU.ActiveCfg = Release|Any CPU
		{9B2C7588-058E-48E7-AAE5-D68F95409810}.Release|Any CPU.Build.0 = Release|Any CPU
		{F0946881-C1FD-4AC2-8580-2281E9EFB630}.Debug|Any CPU.ActiveCfg = Debug|Any CPU
		{F0946881-C1FD-4AC2-8580-2281E9EFB630}.Debug|Any CPU.Build.0 = Debug|Any CPU
		{F0946881-C1FD-4AC2-8580-2281E9EFB630}.Release|Any CPU.ActiveCfg = Release|Any CPU
		{F0946881-C1FD-4AC2-8580-2281E9EFB630}.Release|Any CPU.Build.0 = Release|Any CPU
		{75A0CDC6-E7C1-46DE-8E5E-25966E6B5F2C}.Debug|Any CPU.ActiveCfg = Debug|Any CPU
		{75A0CDC6-E7C1-46DE-8E5E-25966E6B5F2C}.Debug|Any CPU.Build.0 = Debug|Any CPU
		{75A0CDC6-E7C1-46DE-8E5E-25966E6B5F2C}.Release|Any CPU.ActiveCfg = Release|Any CPU
		{75A0CDC6-E7C1-46DE-8E5E-25966E6B5F2C}.Release|Any CPU.Build.0 = Release|Any CPU
		{8C5C82B2-2B38-4E8E-B406-BA0C0D70FE75}.Debug|Any CPU.ActiveCfg = Debug|Any CPU
		{8C5C82B2-2B38-4E8E-B406-BA0C0D70FE75}.Debug|Any CPU.Build.0 = Debug|Any CPU
		{8C5C82B2-2B38-4E8E-B406-BA0C0D70FE75}.Release|Any CPU.ActiveCfg = Release|Any CPU
		{8C5C82B2-2B38-4E8E-B406-BA0C0D70FE75}.Release|Any CPU.Build.0 = Release|Any CPU
		{5EC5D1AA-FD8D-4BFB-98A3-14BB2C00C313}.Debug|Any CPU.ActiveCfg = Debug|Any CPU
		{5EC5D1AA-FD8D-4BFB-98A3-14BB2C00C313}.Debug|Any CPU.Build.0 = Debug|Any CPU
		{5EC5D1AA-FD8D-4BFB-98A3-14BB2C00C313}.Release|Any CPU.ActiveCfg = Release|Any CPU
		{5EC5D1AA-FD8D-4BFB-98A3-14BB2C00C313}.Release|Any CPU.Build.0 = Release|Any CPU
		{77623FAF-E0D0-41A2-AEAC-331A02F825C9}.Debug|Any CPU.ActiveCfg = Debug|Any CPU
		{77623FAF-E0D0-41A2-AEAC-331A02F825C9}.Debug|Any CPU.Build.0 = Debug|Any CPU
		{77623FAF-E0D0-41A2-AEAC-331A02F825C9}.Release|Any CPU.ActiveCfg = Release|Any CPU
		{77623FAF-E0D0-41A2-AEAC-331A02F825C9}.Release|Any CPU.Build.0 = Release|Any CPU
		{3DB447B2-4D6F-4784-BB5B-812B72CE2345}.Debug|Any CPU.ActiveCfg = Debug|Any CPU
		{3DB447B2-4D6F-4784-BB5B-812B72CE2345}.Debug|Any CPU.Build.0 = Debug|Any CPU
		{3DB447B2-4D6F-4784-BB5B-812B72CE2345}.Release|Any CPU.ActiveCfg = Release|Any CPU
		{3DB447B2-4D6F-4784-BB5B-812B72CE2345}.Release|Any CPU.Build.0 = Release|Any CPU
		{E820E5BB-F744-4EAE-AD28-9EAE1A3D8398}.Debug|Any CPU.ActiveCfg = Debug|Any CPU
		{E820E5BB-F744-4EAE-AD28-9EAE1A3D8398}.Debug|Any CPU.Build.0 = Debug|Any CPU
		{E820E5BB-F744-4EAE-AD28-9EAE1A3D8398}.Release|Any CPU.ActiveCfg = Release|Any CPU
		{E820E5BB-F744-4EAE-AD28-9EAE1A3D8398}.Release|Any CPU.Build.0 = Release|Any CPU
		{9B2AAB5A-6993-4925-B9A9-A54B5ECF131E}.Debug|Any CPU.ActiveCfg = Debug|Any CPU
		{9B2AAB5A-6993-4925-B9A9-A54B5ECF131E}.Debug|Any CPU.Build.0 = Debug|Any CPU
		{9B2AAB5A-6993-4925-B9A9-A54B5ECF131E}.Release|Any CPU.ActiveCfg = Release|Any CPU
		{9B2AAB5A-6993-4925-B9A9-A54B5ECF131E}.Release|Any CPU.Build.0 = Release|Any CPU
		{87F24FA3-6B49-4FC0-A1B1-9D0DBA425DBF}.Debug|Any CPU.ActiveCfg = Debug|Any CPU
		{87F24FA3-6B49-4FC0-A1B1-9D0DBA425DBF}.Debug|Any CPU.Build.0 = Debug|Any CPU
		{87F24FA3-6B49-4FC0-A1B1-9D0DBA425DBF}.Release|Any CPU.ActiveCfg = Release|Any CPU
		{87F24FA3-6B49-4FC0-A1B1-9D0DBA425DBF}.Release|Any CPU.Build.0 = Release|Any CPU
		{91E6EC84-F60D-4A37-8508-71D3DBA91A69}.Debug|Any CPU.ActiveCfg = Debug|Any CPU
		{91E6EC84-F60D-4A37-8508-71D3DBA91A69}.Debug|Any CPU.Build.0 = Debug|Any CPU
		{91E6EC84-F60D-4A37-8508-71D3DBA91A69}.Release|Any CPU.ActiveCfg = Release|Any CPU
		{91E6EC84-F60D-4A37-8508-71D3DBA91A69}.Release|Any CPU.Build.0 = Release|Any CPU
		{2AC14ED0-575E-45C5-BED0-60E40543E4A7}.Debug|Any CPU.ActiveCfg = Debug|Any CPU
		{2AC14ED0-575E-45C5-BED0-60E40543E4A7}.Debug|Any CPU.Build.0 = Debug|Any CPU
		{2AC14ED0-575E-45C5-BED0-60E40543E4A7}.Release|Any CPU.ActiveCfg = Release|Any CPU
		{2AC14ED0-575E-45C5-BED0-60E40543E4A7}.Release|Any CPU.Build.0 = Release|Any CPU
		{D32A0678-4FE1-468E-B927-BE35124BB706}.Debug|Any CPU.ActiveCfg = Debug|Any CPU
		{D32A0678-4FE1-468E-B927-BE35124BB706}.Debug|Any CPU.Build.0 = Debug|Any CPU
		{D32A0678-4FE1-468E-B927-BE35124BB706}.Release|Any CPU.ActiveCfg = Release|Any CPU
		{D32A0678-4FE1-468E-B927-BE35124BB706}.Release|Any CPU.Build.0 = Release|Any CPU
		{F8201FAB-9839-49A9-9D67-26EB4536E162}.Debug|Any CPU.ActiveCfg = Debug|Any CPU
		{F8201FAB-9839-49A9-9D67-26EB4536E162}.Debug|Any CPU.Build.0 = Debug|Any CPU
		{F8201FAB-9839-49A9-9D67-26EB4536E162}.Release|Any CPU.ActiveCfg = Release|Any CPU
		{F8201FAB-9839-49A9-9D67-26EB4536E162}.Release|Any CPU.Build.0 = Release|Any CPU
		{B3791241-527D-4A24-BC62-44BB5083B41D}.Debug|Any CPU.ActiveCfg = Debug|Any CPU
		{B3791241-527D-4A24-BC62-44BB5083B41D}.Debug|Any CPU.Build.0 = Debug|Any CPU
		{B3791241-527D-4A24-BC62-44BB5083B41D}.Release|Any CPU.ActiveCfg = Release|Any CPU
		{B3791241-527D-4A24-BC62-44BB5083B41D}.Release|Any CPU.Build.0 = Release|Any CPU
		{FE00A292-6E27-42DA-8C82-80814FE821D2}.Debug|Any CPU.ActiveCfg = Debug|Any CPU
		{FE00A292-6E27-42DA-8C82-80814FE821D2}.Debug|Any CPU.Build.0 = Debug|Any CPU
		{FE00A292-6E27-42DA-8C82-80814FE821D2}.Release|Any CPU.ActiveCfg = Release|Any CPU
		{FE00A292-6E27-42DA-8C82-80814FE821D2}.Release|Any CPU.Build.0 = Release|Any CPU
		{AA481B27-8735-42C0-8F70-48E39FA65A9A}.Debug|Any CPU.ActiveCfg = Debug|Any CPU
		{AA481B27-8735-42C0-8F70-48E39FA65A9A}.Debug|Any CPU.Build.0 = Debug|Any CPU
		{AA481B27-8735-42C0-8F70-48E39FA65A9A}.Release|Any CPU.ActiveCfg = Release|Any CPU
		{AA481B27-8735-42C0-8F70-48E39FA65A9A}.Release|Any CPU.Build.0 = Release|Any CPU
		{B1020E7D-BAE8-47C3-B39A-9A62118361A9}.Debug|Any CPU.ActiveCfg = Debug|Any CPU
		{B1020E7D-BAE8-47C3-B39A-9A62118361A9}.Debug|Any CPU.Build.0 = Debug|Any CPU
		{B1020E7D-BAE8-47C3-B39A-9A62118361A9}.Release|Any CPU.ActiveCfg = Release|Any CPU
		{B1020E7D-BAE8-47C3-B39A-9A62118361A9}.Release|Any CPU.Build.0 = Release|Any CPU
		{335429F8-57A2-488A-99CB-9C81E921BA17}.Debug|Any CPU.ActiveCfg = Debug|Any CPU
		{335429F8-57A2-488A-99CB-9C81E921BA17}.Debug|Any CPU.Build.0 = Debug|Any CPU
		{335429F8-57A2-488A-99CB-9C81E921BA17}.Release|Any CPU.ActiveCfg = Release|Any CPU
		{335429F8-57A2-488A-99CB-9C81E921BA17}.Release|Any CPU.Build.0 = Release|Any CPU
		{C988FF62-450A-4D78-87BF-0CE8862035E9}.Debug|Any CPU.ActiveCfg = Debug|Any CPU
		{C988FF62-450A-4D78-87BF-0CE8862035E9}.Debug|Any CPU.Build.0 = Debug|Any CPU
		{C988FF62-450A-4D78-87BF-0CE8862035E9}.Release|Any CPU.ActiveCfg = Release|Any CPU
		{C988FF62-450A-4D78-87BF-0CE8862035E9}.Release|Any CPU.Build.0 = Release|Any CPU
		{EC45DDC0-9A09-4E1B-A2D5-8CA585C6F7CF}.Debug|Any CPU.ActiveCfg = Debug|Any CPU
		{EC45DDC0-9A09-4E1B-A2D5-8CA585C6F7CF}.Debug|Any CPU.Build.0 = Debug|Any CPU
		{EC45DDC0-9A09-4E1B-A2D5-8CA585C6F7CF}.Release|Any CPU.ActiveCfg = Release|Any CPU
		{EC45DDC0-9A09-4E1B-A2D5-8CA585C6F7CF}.Release|Any CPU.Build.0 = Release|Any CPU
		{CBAFA63C-97B7-41FC-8A43-AA9B8CCFC942}.Debug|Any CPU.ActiveCfg = Debug|Any CPU
		{CBAFA63C-97B7-41FC-8A43-AA9B8CCFC942}.Debug|Any CPU.Build.0 = Debug|Any CPU
		{CBAFA63C-97B7-41FC-8A43-AA9B8CCFC942}.Release|Any CPU.ActiveCfg = Release|Any CPU
		{CBAFA63C-97B7-41FC-8A43-AA9B8CCFC942}.Release|Any CPU.Build.0 = Release|Any CPU
		{6D307793-95C1-499B-9205-93D0830DBFB9}.Debug|Any CPU.ActiveCfg = Debug|Any CPU
		{6D307793-95C1-499B-9205-93D0830DBFB9}.Debug|Any CPU.Build.0 = Debug|Any CPU
		{6D307793-95C1-499B-9205-93D0830DBFB9}.Release|Any CPU.ActiveCfg = Release|Any CPU
		{6D307793-95C1-499B-9205-93D0830DBFB9}.Release|Any CPU.Build.0 = Release|Any CPU
	EndGlobalSection
	GlobalSection(SolutionProperties) = preSolution
		HideSolutionNode = FALSE
	EndGlobalSection
	GlobalSection(ExtensibilityGlobals) = postSolution
		SolutionGuid = {1CD7E656-F650-4A8F-B1BF-9B55E27E7858}
	EndGlobalSection
EndGlobal
