
Microsoft Visual Studio Solution File, Format Version 12.00
# Visual Studio Version 16
VisualStudioVersion = 16.0.32002.261
MinimumVisualStudioVersion = 10.0.40219.1
Project("{FAE04EC0-301F-11D3-BF4B-00C04F79EFBC}") = "WestsideRPG", "WestsideRPG\WestsideRPG.csproj", "{BEA1607C-5703-4376-A0E9-32D5955E37AB}"
EndProject
Global
	GlobalSection(SolutionConfigurationPlatforms) = preSolution
		Debug|Any CPU = Debug|Any CPU
		Release|Any CPU = Release|Any CPU
	EndGlobalSection
	GlobalSection(ProjectConfigurationPlatforms) = postSolution
		{BEA1607C-5703-4376-A0E9-32D5955E37AB}.Debug|Any CPU.ActiveCfg = Debug|Any CPU
		{BEA1607C-5703-4376-A0E9-32D5955E37AB}.Debug|Any CPU.Build.0 = Debug|Any CPU
		{BEA1607C-5703-4376-A0E9-32D5955E37AB}.Release|Any CPU.ActiveCfg = Release|Any CPU
		{BEA1607C-5703-4376-A0E9-32D5955E37AB}.Release|Any CPU.Build.0 = Release|Any CPU
	EndGlobalSection
	GlobalSection(SolutionProperties) = preSolution
		HideSolutionNode = FALSE
	EndGlobalSection
	GlobalSection(ExtensibilityGlobals) = postSolution
		SolutionGuid = {D929947F-2861-4EFE-B7EA-3EB6BD09654A}
	EndGlobalSection
EndGlobal
