
Microsoft Visual Studio Solution File, Format Version 12.00
# Visual Studio Version 16
VisualStudioVersion = 16.0.31424.327
MinimumVisualStudioVersion = 10.0.40219.1
Project("{FAE04EC0-301F-11D3-BF4B-00C04F79EFBC}") = "LessonsCsharp", "LessonsCsharp\LessonsCsharp.csproj", "{34366ACB-FC76-4AF2-9A2B-CAD780A2E476}"
EndProject
Project("{FAE04EC0-301F-11D3-BF4B-00C04F79EFBC}") = "Exercicios", "Exercicios\Exercicios.csproj", "{18CEB1E1-AE6D-43A5-BB64-C6F9FCA386B7}"
EndProject
Global
	GlobalSection(SolutionConfigurationPlatforms) = preSolution
		Debug|Any CPU = Debug|Any CPU
		Release|Any CPU = Release|Any CPU
	EndGlobalSection
	GlobalSection(ProjectConfigurationPlatforms) = postSolution
		{34366ACB-FC76-4AF2-9A2B-CAD780A2E476}.Debug|Any CPU.ActiveCfg = Debug|Any CPU
		{34366ACB-FC76-4AF2-9A2B-CAD780A2E476}.Debug|Any CPU.Build.0 = Debug|Any CPU
		{34366ACB-FC76-4AF2-9A2B-CAD780A2E476}.Release|Any CPU.ActiveCfg = Release|Any CPU
		{34366ACB-FC76-4AF2-9A2B-CAD780A2E476}.Release|Any CPU.Build.0 = Release|Any CPU
		{18CEB1E1-AE6D-43A5-BB64-C6F9FCA386B7}.Debug|Any CPU.ActiveCfg = Debug|Any CPU
		{18CEB1E1-AE6D-43A5-BB64-C6F9FCA386B7}.Debug|Any CPU.Build.0 = Debug|Any CPU
		{18CEB1E1-AE6D-43A5-BB64-C6F9FCA386B7}.Release|Any CPU.ActiveCfg = Release|Any CPU
		{18CEB1E1-AE6D-43A5-BB64-C6F9FCA386B7}.Release|Any CPU.Build.0 = Release|Any CPU
	EndGlobalSection
	GlobalSection(SolutionProperties) = preSolution
		HideSolutionNode = FALSE
	EndGlobalSection
	GlobalSection(ExtensibilityGlobals) = postSolution
		SolutionGuid = {1CD7E656-F650-4A8F-B1BF-9B55E27E7858}
	EndGlobalSection
EndGlobal
